
Microsoft Visual Studio Solution File, Format Version 12.00
# Visual Studio Version 17
VisualStudioVersion = 17.5.33414.496
MinimumVisualStudioVersion = 10.0.40219.1
Project("{FAE04EC0-301F-11D3-BF4B-00C04F79EFBC}") = "client", "client\client.csproj", "{AABC0E70-8DF9-4428-A8D8-E4DDD1B835F1}"
EndProject
Project("{FAE04EC0-301F-11D3-BF4B-00C04F79EFBC}") = "api", "api\api.csproj", "{1E4120C3-68B6-40E6-8BEB-5454D35C2B4F}"
EndProject
Project("{FAE04EC0-301F-11D3-BF4B-00C04F79EFBC}") = "shared", "shared\shared.csproj", "{DD7017A5-38C6-4EF5-B2AC-32CD7DBA38CA}"
EndProject
Global
	GlobalSection(SolutionConfigurationPlatforms) = preSolution
		Debug|Any CPU = Debug|Any CPU
		Release|Any CPU = Release|Any CPU
	EndGlobalSection
	GlobalSection(ProjectConfigurationPlatforms) = postSolution
		{AABC0E70-8DF9-4428-A8D8-E4DDD1B835F1}.Debug|Any CPU.ActiveCfg = Debug|Any CPU
		{AABC0E70-8DF9-4428-A8D8-E4DDD1B835F1}.Debug|Any CPU.Build.0 = Debug|Any CPU
		{AABC0E70-8DF9-4428-A8D8-E4DDD1B835F1}.Release|Any CPU.ActiveCfg = Release|Any CPU
		{AABC0E70-8DF9-4428-A8D8-E4DDD1B835F1}.Release|Any CPU.Build.0 = Release|Any CPU
		{1E4120C3-68B6-40E6-8BEB-5454D35C2B4F}.Debug|Any CPU.ActiveCfg = Debug|Any CPU
		{1E4120C3-68B6-40E6-8BEB-5454D35C2B4F}.Debug|Any CPU.Build.0 = Debug|Any CPU
		{1E4120C3-68B6-40E6-8BEB-5454D35C2B4F}.Release|Any CPU.ActiveCfg = Release|Any CPU
		{1E4120C3-68B6-40E6-8BEB-5454D35C2B4F}.Release|Any CPU.Build.0 = Release|Any CPU
		{DD7017A5-38C6-4EF5-B2AC-32CD7DBA38CA}.Debug|Any CPU.ActiveCfg = Debug|Any CPU
		{DD7017A5-38C6-4EF5-B2AC-32CD7DBA38CA}.Debug|Any CPU.Build.0 = Debug|Any CPU
		{DD7017A5-38C6-4EF5-B2AC-32CD7DBA38CA}.Release|Any CPU.ActiveCfg = Release|Any CPU
		{DD7017A5-38C6-4EF5-B2AC-32CD7DBA38CA}.Release|Any CPU.Build.0 = Release|Any CPU
	EndGlobalSection
	GlobalSection(SolutionProperties) = preSolution
		HideSolutionNode = FALSE
	EndGlobalSection
	GlobalSection(ExtensibilityGlobals) = postSolution
		SolutionGuid = {5C45FB63-17EB-4D0F-9887-E8C80FBD5604}
	EndGlobalSection
EndGlobal
