
Microsoft Visual Studio Solution File, Format Version 12.00
# Visual Studio Version 17
VisualStudioVersion = 17.5.33414.496
MinimumVisualStudioVersion = 10.0.40219.1
Project("{9A19103F-16F7-4668-BE54-9A1E7A4F7556}") = "api", "api\api.csproj", "{1E4120C3-68B6-40E6-8BEB-5454D35C2B4F}"
EndProject
Project("{9A19103F-16F7-4668-BE54-9A1E7A4F7556}") = "shared", "shared\shared.csproj", "{DD7017A5-38C6-4EF5-B2AC-32CD7DBA38CA}"
EndProject
Project("{FAE04EC0-301F-11D3-BF4B-00C04F79EFBC}") = "blazor", "blazor\blazor.csproj", "{9FCDEA7D-AE69-4870-BA6D-826C80372A60}"
EndProject
Project("{FAE04EC0-301F-11D3-BF4B-00C04F79EFBC}") = "IdentityServer", "IdentityServer\IdentityServer.csproj", "{8E8C2B45-BAD8-4599-A8C9-625DB422425A}"
EndProject
Global
	GlobalSection(SolutionConfigurationPlatforms) = preSolution
		Debug|Any CPU = Debug|Any CPU
		Release|Any CPU = Release|Any CPU
	EndGlobalSection
	GlobalSection(ProjectConfigurationPlatforms) = postSolution
		{1E4120C3-68B6-40E6-8BEB-5454D35C2B4F}.Debug|Any CPU.ActiveCfg = Debug|Any CPU
		{1E4120C3-68B6-40E6-8BEB-5454D35C2B4F}.Debug|Any CPU.Build.0 = Debug|Any CPU
		{1E4120C3-68B6-40E6-8BEB-5454D35C2B4F}.Release|Any CPU.ActiveCfg = Release|Any CPU
		{1E4120C3-68B6-40E6-8BEB-5454D35C2B4F}.Release|Any CPU.Build.0 = Release|Any CPU
		{DD7017A5-38C6-4EF5-B2AC-32CD7DBA38CA}.Debug|Any CPU.ActiveCfg = Debug|Any CPU
		{DD7017A5-38C6-4EF5-B2AC-32CD7DBA38CA}.Debug|Any CPU.Build.0 = Debug|Any CPU
		{DD7017A5-38C6-4EF5-B2AC-32CD7DBA38CA}.Release|Any CPU.ActiveCfg = Release|Any CPU
		{DD7017A5-38C6-4EF5-B2AC-32CD7DBA38CA}.Release|Any CPU.Build.0 = Release|Any CPU
		{9FCDEA7D-AE69-4870-BA6D-826C80372A60}.Debug|Any CPU.ActiveCfg = Debug|Any CPU
		{9FCDEA7D-AE69-4870-BA6D-826C80372A60}.Debug|Any CPU.Build.0 = Debug|Any CPU
		{9FCDEA7D-AE69-4870-BA6D-826C80372A60}.Release|Any CPU.ActiveCfg = Release|Any CPU
		{9FCDEA7D-AE69-4870-BA6D-826C80372A60}.Release|Any CPU.Build.0 = Release|Any CPU
		{A0AB7D74-9F41-440A-B496-1DFB7D7633F4}.Debug|Any CPU.ActiveCfg = Debug|Any CPU
		{A0AB7D74-9F41-440A-B496-1DFB7D7633F4}.Debug|Any CPU.Build.0 = Debug|Any CPU
		{A0AB7D74-9F41-440A-B496-1DFB7D7633F4}.Release|Any CPU.ActiveCfg = Release|Any CPU
		{A0AB7D74-9F41-440A-B496-1DFB7D7633F4}.Release|Any CPU.Build.0 = Release|Any CPU
		{8E8C2B45-BAD8-4599-A8C9-625DB422425A}.Debug|Any CPU.ActiveCfg = Debug|Any CPU
		{8E8C2B45-BAD8-4599-A8C9-625DB422425A}.Debug|Any CPU.Build.0 = Debug|Any CPU
		{8E8C2B45-BAD8-4599-A8C9-625DB422425A}.Release|Any CPU.ActiveCfg = Release|Any CPU
		{8E8C2B45-BAD8-4599-A8C9-625DB422425A}.Release|Any CPU.Build.0 = Release|Any CPU
	EndGlobalSection
	GlobalSection(SolutionProperties) = preSolution
		HideSolutionNode = FALSE
	EndGlobalSection
	GlobalSection(ExtensibilityGlobals) = postSolution
		SolutionGuid = {5C45FB63-17EB-4D0F-9887-E8C80FBD5604}
	EndGlobalSection
EndGlobal
